
Microsoft Visual Studio Solution File, Format Version 12.00
# Visual Studio 2012
Project("{FAE04EC0-301F-11D3-BF4B-00C04F79EFBC}") = "ContinuousDeliveryDemo.Web", "src\ContinuousDeliveryDemo.Web\ContinuousDeliveryDemo.Web.csproj", "{779D4BF6-1486-4CE3-BF9D-F86225E23E53}"
EndProject
Project("{FAE04EC0-301F-11D3-BF4B-00C04F79EFBC}") = "ContinuousDeliveryDemo.Test", "ContinuousDeliveryDemo.Test\ContinuousDeliveryDemo.Test.csproj", "{1E1D2FAD-FDAF-4CBD-89A6-77C600E00F82}"
EndProject
Project("{FAE04EC0-301F-11D3-BF4B-00C04F79EFBC}") = "ContinuousDeliveryDemo.Domain", "ContinuousDeliveryDemo.Domain\ContinuousDeliveryDemo.Domain.csproj", "{5E1E7829-0DA7-4968-87FF-586FDCA6483E}"
EndProject
Project("{FAE04EC0-301F-11D3-BF4B-00C04F79EFBC}") = "ContinuousDeliveryDemo.Infrastructure", "ContinuousDeliveryDemo.Infrastructure\ContinuousDeliveryDemo.Infrastructure.csproj", "{018B5883-1049-4621-8816-441541E860AF}"
EndProject
Global
	GlobalSection(SolutionConfigurationPlatforms) = preSolution
		Debug|Any CPU = Debug|Any CPU
		Release|Any CPU = Release|Any CPU
	EndGlobalSection
	GlobalSection(ProjectConfigurationPlatforms) = postSolution
		{779D4BF6-1486-4CE3-BF9D-F86225E23E53}.Debug|Any CPU.ActiveCfg = Debug|Any CPU
		{779D4BF6-1486-4CE3-BF9D-F86225E23E53}.Debug|Any CPU.Build.0 = Debug|Any CPU
		{779D4BF6-1486-4CE3-BF9D-F86225E23E53}.Release|Any CPU.ActiveCfg = Release|Any CPU
		{779D4BF6-1486-4CE3-BF9D-F86225E23E53}.Release|Any CPU.Build.0 = Release|Any CPU
		{1E1D2FAD-FDAF-4CBD-89A6-77C600E00F82}.Debug|Any CPU.ActiveCfg = Debug|Any CPU
		{1E1D2FAD-FDAF-4CBD-89A6-77C600E00F82}.Debug|Any CPU.Build.0 = Debug|Any CPU
		{1E1D2FAD-FDAF-4CBD-89A6-77C600E00F82}.Release|Any CPU.ActiveCfg = Release|Any CPU
		{1E1D2FAD-FDAF-4CBD-89A6-77C600E00F82}.Release|Any CPU.Build.0 = Release|Any CPU
		{5E1E7829-0DA7-4968-87FF-586FDCA6483E}.Debug|Any CPU.ActiveCfg = Debug|Any CPU
		{5E1E7829-0DA7-4968-87FF-586FDCA6483E}.Debug|Any CPU.Build.0 = Debug|Any CPU
		{5E1E7829-0DA7-4968-87FF-586FDCA6483E}.Release|Any CPU.ActiveCfg = Release|Any CPU
		{5E1E7829-0DA7-4968-87FF-586FDCA6483E}.Release|Any CPU.Build.0 = Release|Any CPU
		{018B5883-1049-4621-8816-441541E860AF}.Debug|Any CPU.ActiveCfg = Debug|Any CPU
		{018B5883-1049-4621-8816-441541E860AF}.Debug|Any CPU.Build.0 = Debug|Any CPU
		{018B5883-1049-4621-8816-441541E860AF}.Release|Any CPU.ActiveCfg = Release|Any CPU
		{018B5883-1049-4621-8816-441541E860AF}.Release|Any CPU.Build.0 = Release|Any CPU
	EndGlobalSection
	GlobalSection(SolutionProperties) = preSolution
		HideSolutionNode = FALSE
	EndGlobalSection
EndGlobal
